// !$*UTF8*$!
{
	archiveVersion = 1;
	classes = {
	};
	objectVersion = 51;
	objects = {

/* Begin PBXBuildFile section */
		24C1E4DAF6EF138A2D16BE18 /* Pods_8Ball.framework in Frameworks */ = {isa = PBXBuildFile; fileRef = 8D3269FC3B4ABAFC310C7727 /* Pods_8Ball.framework */; };
		EC0658AE230FC777000B931E /* AppDelegate.swift in Sources */ = {isa = PBXBuildFile; fileRef = EC0658AD230FC777000B931E /* AppDelegate.swift */; };
		EC0658B3230FC777000B931E /* Main.storyboard in Resources */ = {isa = PBXBuildFile; fileRef = EC0658B1230FC777000B931E /* Main.storyboard */; };
		EC0658B5230FC778000B931E /* Assets.xcassets in Resources */ = {isa = PBXBuildFile; fileRef = EC0658B4230FC778000B931E /* Assets.xcassets */; };
		EC0658B8230FC778000B931E /* LaunchScreen.storyboard in Resources */ = {isa = PBXBuildFile; fileRef = EC0658B6230FC778000B931E /* LaunchScreen.storyboard */; };
		EC0658C2230FCB55000B931E /* MainScreenViewController.swift in Sources */ = {isa = PBXBuildFile; fileRef = EC0658C1230FCB55000B931E /* MainScreenViewController.swift */; };
		EC0658C4230FCB66000B931E /* SettingScreenViewController.swift in Sources */ = {isa = PBXBuildFile; fileRef = EC0658C3230FCB66000B931E /* SettingScreenViewController.swift */; };
		EC395911231513CB00606C36 /* AnswerProviderService.swift in Sources */ = {isa = PBXBuildFile; fileRef = EC395910231513CB00606C36 /* AnswerProviderService.swift */; };
		EC8CEE5A233F4BB8003FE962 /* MainScreenViewModel.swift in Sources */ = {isa = PBXBuildFile; fileRef = EC8CEE59233F4BB8003FE962 /* MainScreenViewModel.swift */; };
		EC8CEE5D233F4C8A003FE962 /* SettingScreenViewModel.swift in Sources */ = {isa = PBXBuildFile; fileRef = EC8CEE5C233F4C8A003FE962 /* SettingScreenViewModel.swift */; };
		EC8CEE6723409F5C003FE962 /* SettingScreenModel.swift in Sources */ = {isa = PBXBuildFile; fileRef = EC8CEE6623409F5C003FE962 /* SettingScreenModel.swift */; };
		EC8CEE69234227BA003FE962 /* MainScreenModel.swift in Sources */ = {isa = PBXBuildFile; fileRef = EC8CEE68234227BA003FE962 /* MainScreenModel.swift */; };
		ECA645B3231C4D51006C4F07 /* NetworkingManagerService.swift in Sources */ = {isa = PBXBuildFile; fileRef = ECA645B2231C4D51006C4F07 /* NetworkingManagerService.swift */; };
		ECA645B5231D0179006C4F07 /* Answer.swift in Sources */ = {isa = PBXBuildFile; fileRef = ECA645B4231D0179006C4F07 /* Answer.swift */; };
		ECC0388B2344A94E00C4154F /* NetworkingManager.swift in Sources */ = {isa = PBXBuildFile; fileRef = ECC0388A2344A94E00C4154F /* NetworkingManager.swift */; };
		ECC0388D2344A99000C4154F /* AnswerProvider.swift in Sources */ = {isa = PBXBuildFile; fileRef = ECC0388C2344A99000C4154F /* AnswerProvider.swift */; };
		ECC038952345BE1C00C4154F /* StoredAnswer.swift in Sources */ = {isa = PBXBuildFile; fileRef = ECC038942345BE1C00C4154F /* StoredAnswer.swift */; };
		ECC0389723491D8000C4154F /* PresentableAnswer.swift in Sources */ = {isa = PBXBuildFile; fileRef = ECC0389623491D8000C4154F /* PresentableAnswer.swift */; };
		ECFE19B4233B5690002E7816 /* GenerateResources.sh in Resources */ = {isa = PBXBuildFile; fileRef = ECFE19B3233B5690002E7816 /* GenerateResources.sh */; };
		ECFE19B6233B56A3002E7816 /* Colors.json in Resources */ = {isa = PBXBuildFile; fileRef = ECFE19B5233B56A3002E7816 /* Colors.json */; };
		ECFE19B8233B56B4002E7816 /* Localizable.strings in Resources */ = {isa = PBXBuildFile; fileRef = ECFE19B7233B56B4002E7816 /* Localizable.strings */; };
		ECFE19BF233B5803002E7816 /* Colors.swift in Sources */ = {isa = PBXBuildFile; fileRef = ECFE19BB233B5803002E7816 /* Colors.swift */; };
		ECFE19C0233B5803002E7816 /* L10n.swift in Sources */ = {isa = PBXBuildFile; fileRef = ECFE19BC233B5803002E7816 /* L10n.swift */; };
		ECFE19C1233B5803002E7816 /* Fonts.swift in Sources */ = {isa = PBXBuildFile; fileRef = ECFE19BD233B5803002E7816 /* Fonts.swift */; };
		ECFE19C2233B5803002E7816 /* Assets.swift in Sources */ = {isa = PBXBuildFile; fileRef = ECFE19BE233B5803002E7816 /* Assets.swift */; };
/* End PBXBuildFile section */

/* Begin PBXFileReference section */
		8D3269FC3B4ABAFC310C7727 /* Pods_8Ball.framework */ = {isa = PBXFileReference; explicitFileType = wrapper.framework; includeInIndex = 0; path = Pods_8Ball.framework; sourceTree = BUILT_PRODUCTS_DIR; };
		A676332758F6DDACB592A6AE /* Pods-8Ball.release.xcconfig */ = {isa = PBXFileReference; includeInIndex = 1; lastKnownFileType = text.xcconfig; name = "Pods-8Ball.release.xcconfig"; path = "Target Support Files/Pods-8Ball/Pods-8Ball.release.xcconfig"; sourceTree = "<group>"; };
		B3E592A2BCEA1C26FA43E695 /* Pods-8Ball.debug.xcconfig */ = {isa = PBXFileReference; includeInIndex = 1; lastKnownFileType = text.xcconfig; name = "Pods-8Ball.debug.xcconfig"; path = "Target Support Files/Pods-8Ball/Pods-8Ball.debug.xcconfig"; sourceTree = "<group>"; };
		EC0658AA230FC777000B931E /* 8Ball.app */ = {isa = PBXFileReference; explicitFileType = wrapper.application; includeInIndex = 0; path = 8Ball.app; sourceTree = BUILT_PRODUCTS_DIR; };
		EC0658AD230FC777000B931E /* AppDelegate.swift */ = {isa = PBXFileReference; lastKnownFileType = sourcecode.swift; path = AppDelegate.swift; sourceTree = "<group>"; };
		EC0658B2230FC777000B931E /* Base */ = {isa = PBXFileReference; lastKnownFileType = file.storyboard; name = Base; path = Base.lproj/Main.storyboard; sourceTree = "<group>"; };
		EC0658B4230FC778000B931E /* Assets.xcassets */ = {isa = PBXFileReference; lastKnownFileType = folder.assetcatalog; path = Assets.xcassets; sourceTree = "<group>"; };
		EC0658B7230FC778000B931E /* Base */ = {isa = PBXFileReference; lastKnownFileType = file.storyboard; name = Base; path = Base.lproj/LaunchScreen.storyboard; sourceTree = "<group>"; };
		EC0658B9230FC778000B931E /* Info.plist */ = {isa = PBXFileReference; lastKnownFileType = text.plist.xml; path = Info.plist; sourceTree = "<group>"; };
		EC0658C1230FCB55000B931E /* MainScreenViewController.swift */ = {isa = PBXFileReference; lastKnownFileType = sourcecode.swift; path = MainScreenViewController.swift; sourceTree = "<group>"; };
		EC0658C3230FCB66000B931E /* SettingScreenViewController.swift */ = {isa = PBXFileReference; lastKnownFileType = sourcecode.swift; path = SettingScreenViewController.swift; sourceTree = "<group>"; };
		EC395910231513CB00606C36 /* AnswerProviderService.swift */ = {isa = PBXFileReference; lastKnownFileType = sourcecode.swift; path = AnswerProviderService.swift; sourceTree = "<group>"; };
		EC8CEE59233F4BB8003FE962 /* MainScreenViewModel.swift */ = {isa = PBXFileReference; lastKnownFileType = sourcecode.swift; path = MainScreenViewModel.swift; sourceTree = "<group>"; };
		EC8CEE5C233F4C8A003FE962 /* SettingScreenViewModel.swift */ = {isa = PBXFileReference; lastKnownFileType = sourcecode.swift; path = SettingScreenViewModel.swift; sourceTree = "<group>"; };
		EC8CEE6623409F5C003FE962 /* SettingScreenModel.swift */ = {isa = PBXFileReference; lastKnownFileType = sourcecode.swift; path = SettingScreenModel.swift; sourceTree = "<group>"; };
		EC8CEE68234227BA003FE962 /* MainScreenModel.swift */ = {isa = PBXFileReference; lastKnownFileType = sourcecode.swift; path = MainScreenModel.swift; sourceTree = "<group>"; };
		ECA645B2231C4D51006C4F07 /* NetworkingManagerService.swift */ = {isa = PBXFileReference; lastKnownFileType = sourcecode.swift; path = NetworkingManagerService.swift; sourceTree = "<group>"; };
		ECA645B4231D0179006C4F07 /* Answer.swift */ = {isa = PBXFileReference; lastKnownFileType = sourcecode.swift; path = Answer.swift; sourceTree = "<group>"; };
		ECC0388A2344A94E00C4154F /* NetworkingManager.swift */ = {isa = PBXFileReference; lastKnownFileType = sourcecode.swift; path = NetworkingManager.swift; sourceTree = "<group>"; };
		ECC0388C2344A99000C4154F /* AnswerProvider.swift */ = {isa = PBXFileReference; lastKnownFileType = sourcecode.swift; path = AnswerProvider.swift; sourceTree = "<group>"; };
		ECC038942345BE1C00C4154F /* StoredAnswer.swift */ = {isa = PBXFileReference; lastKnownFileType = sourcecode.swift; path = StoredAnswer.swift; sourceTree = "<group>"; };
		ECC0389623491D8000C4154F /* PresentableAnswer.swift */ = {isa = PBXFileReference; lastKnownFileType = sourcecode.swift; path = PresentableAnswer.swift; sourceTree = "<group>"; };
		ECFE19B3233B5690002E7816 /* GenerateResources.sh */ = {isa = PBXFileReference; lastKnownFileType = text.script.sh; path = GenerateResources.sh; sourceTree = "<group>"; };
		ECFE19B5233B56A3002E7816 /* Colors.json */ = {isa = PBXFileReference; lastKnownFileType = text.json; path = Colors.json; sourceTree = "<group>"; };
		ECFE19B7233B56B4002E7816 /* Localizable.strings */ = {isa = PBXFileReference; lastKnownFileType = text.plist.strings; path = Localizable.strings; sourceTree = "<group>"; };
		ECFE19BA233B56D6002E7816 /* Roboto-Black.ttf */ = {isa = PBXFileReference; lastKnownFileType = file; path = "Roboto-Black.ttf"; sourceTree = "<group>"; };
		ECFE19BB233B5803002E7816 /* Colors.swift */ = {isa = PBXFileReference; fileEncoding = 4; lastKnownFileType = sourcecode.swift; path = Colors.swift; sourceTree = "<group>"; };
		ECFE19BC233B5803002E7816 /* L10n.swift */ = {isa = PBXFileReference; fileEncoding = 4; lastKnownFileType = sourcecode.swift; path = L10n.swift; sourceTree = "<group>"; };
		ECFE19BD233B5803002E7816 /* Fonts.swift */ = {isa = PBXFileReference; fileEncoding = 4; lastKnownFileType = sourcecode.swift; path = Fonts.swift; sourceTree = "<group>"; };
		ECFE19BE233B5803002E7816 /* Assets.swift */ = {isa = PBXFileReference; fileEncoding = 4; lastKnownFileType = sourcecode.swift; path = Assets.swift; sourceTree = "<group>"; };
/* End PBXFileReference section */

/* Begin PBXFrameworksBuildPhase section */
		EC0658A7230FC776000B931E /* Frameworks */ = {
			isa = PBXFrameworksBuildPhase;
			buildActionMask = 2147483647;
			files = (
				24C1E4DAF6EF138A2D16BE18 /* Pods_8Ball.framework in Frameworks */,
			);
			runOnlyForDeploymentPostprocessing = 0;
		};
/* End PBXFrameworksBuildPhase section */

/* Begin PBXGroup section */
		087975976CCF74EE9278C7A5 /* Frameworks */ = {
			isa = PBXGroup;
			children = (
				8D3269FC3B4ABAFC310C7727 /* Pods_8Ball.framework */,
			);
			name = Frameworks;
			sourceTree = "<group>";
		};
		7D2262105F577574DB05B1AC /* Pods */ = {
			isa = PBXGroup;
			children = (
				B3E592A2BCEA1C26FA43E695 /* Pods-8Ball.debug.xcconfig */,
				A676332758F6DDACB592A6AE /* Pods-8Ball.release.xcconfig */,
			);
			path = Pods;
			sourceTree = "<group>";
		};
		EC0658A1230FC776000B931E = {
			isa = PBXGroup;
			children = (
				EC0658AC230FC777000B931E /* 8Ball */,
				EC0658AB230FC777000B931E /* Products */,
				7D2262105F577574DB05B1AC /* Pods */,
				087975976CCF74EE9278C7A5 /* Frameworks */,
			);
			sourceTree = "<group>";
		};
		EC0658AB230FC777000B931E /* Products */ = {
			isa = PBXGroup;
			children = (
				EC0658AA230FC777000B931E /* 8Ball.app */,
			);
			name = Products;
			sourceTree = "<group>";
		};
		EC0658AC230FC777000B931E /* 8Ball */ = {
			isa = PBXGroup;
			children = (
				EC0658AD230FC777000B931E /* AppDelegate.swift */,
				ECA645B4231D0179006C4F07 /* Answer.swift */,
				ECC0389623491D8000C4154F /* PresentableAnswer.swift */,
				ECC038942345BE1C00C4154F /* StoredAnswer.swift */,
				ECA645B6231D08B7006C4F07 /* ServicesAndProtocols */,
				EC8CEE63233F6098003FE962 /* SettingScreen */,
				EC8CEE60233F5FF3003FE962 /* MainScreen */,
				ECFE19B2233B560A002E7816 /* Resources */,
				EC0658B1230FC777000B931E /* Main.storyboard */,
				EC0658B6230FC778000B931E /* LaunchScreen.storyboard */,
				EC0658B9230FC778000B931E /* Info.plist */,
			);
			path = 8Ball;
			sourceTree = "<group>";
		};
		EC8CEE60233F5FF3003FE962 /* MainScreen */ = {
			isa = PBXGroup;
			children = (
				EC8CEE68234227BA003FE962 /* MainScreenModel.swift */,
				EC8CEE59233F4BB8003FE962 /* MainScreenViewModel.swift */,
				EC0658C1230FCB55000B931E /* MainScreenViewController.swift */,
			);
			path = MainScreen;
			sourceTree = "<group>";
		};
		EC8CEE63233F6098003FE962 /* SettingScreen */ = {
			isa = PBXGroup;
			children = (
				EC8CEE6623409F5C003FE962 /* SettingScreenModel.swift */,
				EC8CEE5C233F4C8A003FE962 /* SettingScreenViewModel.swift */,
				EC0658C3230FCB66000B931E /* SettingScreenViewController.swift */,
			);
			path = SettingScreen;
			sourceTree = "<group>";
		};
		ECA645B6231D08B7006C4F07 /* ServicesAndProtocols */ = {
			isa = PBXGroup;
			children = (
				EC395910231513CB00606C36 /* AnswerProviderService.swift */,
				ECC0388C2344A99000C4154F /* AnswerProvider.swift */,
				ECA645B2231C4D51006C4F07 /* NetworkingManagerService.swift */,
				ECC0388A2344A94E00C4154F /* NetworkingManager.swift */,
			);
			path = ServicesAndProtocols;
			sourceTree = "<group>";
		};
		ECFE19B2233B560A002E7816 /* Resources */ = {
			isa = PBXGroup;
			children = (
				ECFE19BE233B5803002E7816 /* Assets.swift */,
				ECFE19BB233B5803002E7816 /* Colors.swift */,
				ECFE19BD233B5803002E7816 /* Fonts.swift */,
				ECFE19BC233B5803002E7816 /* L10n.swift */,
				ECFE19B9233B56BD002E7816 /* Fonts */,
				EC0658B4230FC778000B931E /* Assets.xcassets */,
				ECFE19B3233B5690002E7816 /* GenerateResources.sh */,
				ECFE19B5233B56A3002E7816 /* Colors.json */,
				ECFE19B7233B56B4002E7816 /* Localizable.strings */,
			);
			path = Resources;
			sourceTree = "<group>";
		};
		ECFE19B9233B56BD002E7816 /* Fonts */ = {
			isa = PBXGroup;
			children = (
				ECFE19BA233B56D6002E7816 /* Roboto-Black.ttf */,
			);
			path = Fonts;
			sourceTree = "<group>";
		};
/* End PBXGroup section */

/* Begin PBXNativeTarget section */
		EC0658A9230FC776000B931E /* 8Ball */ = {
			isa = PBXNativeTarget;
			buildConfigurationList = EC0658BC230FC778000B931E /* Build configuration list for PBXNativeTarget "8Ball" */;
			buildPhases = (
				49E829A0958928EB70374C20 /* [CP] Check Pods Manifest.lock */,
				EC7FDAB62338C06F00BF1644 /* SwiftGen */,
				EC7FDAB32338A3A400BF1644 /* Swiftlint */,
				EC0658A6230FC776000B931E /* Sources */,
				EC0658A7230FC776000B931E /* Frameworks */,
				EC0658A8230FC776000B931E /* Resources */,
				5221D24777AFE8E0D8E17730 /* [CP] Embed Pods Frameworks */,
			);
			buildRules = (
			);
			dependencies = (
			);
			name = 8Ball;
			productName = 8Ball;
			productReference = EC0658AA230FC777000B931E /* 8Ball.app */;
			productType = "com.apple.product-type.application";
		};
/* End PBXNativeTarget section */

/* Begin PBXProject section */
		EC0658A2230FC776000B931E /* Project object */ = {
			isa = PBXProject;
			attributes = {
				LastSwiftUpdateCheck = 1030;
				LastUpgradeCheck = 1030;
				ORGANIZATIONNAME = "Svyat Chaplin";
				TargetAttributes = {
					EC0658A9230FC776000B931E = {
						CreatedOnToolsVersion = 10.3;
					};
				};
			};
			buildConfigurationList = EC0658A5230FC776000B931E /* Build configuration list for PBXProject "8Ball" */;
			compatibilityVersion = "Xcode 9.3";
			developmentRegion = en;
			hasScannedForEncodings = 0;
			knownRegions = (
				en,
				Base,
			);
			mainGroup = EC0658A1230FC776000B931E;
			productRefGroup = EC0658AB230FC777000B931E /* Products */;
			projectDirPath = "";
			projectRoot = "";
			targets = (
				EC0658A9230FC776000B931E /* 8Ball */,
			);
		};
/* End PBXProject section */

/* Begin PBXResourcesBuildPhase section */
		EC0658A8230FC776000B931E /* Resources */ = {
			isa = PBXResourcesBuildPhase;
			buildActionMask = 2147483647;
			files = (
				EC0658B8230FC778000B931E /* LaunchScreen.storyboard in Resources */,
				ECFE19B8233B56B4002E7816 /* Localizable.strings in Resources */,
				ECFE19B6233B56A3002E7816 /* Colors.json in Resources */,
				EC0658B5230FC778000B931E /* Assets.xcassets in Resources */,
				EC0658B3230FC777000B931E /* Main.storyboard in Resources */,
				ECFE19B4233B5690002E7816 /* GenerateResources.sh in Resources */,
			);
			runOnlyForDeploymentPostprocessing = 0;
		};
/* End PBXResourcesBuildPhase section */

/* Begin PBXShellScriptBuildPhase section */
		49E829A0958928EB70374C20 /* [CP] Check Pods Manifest.lock */ = {
			isa = PBXShellScriptBuildPhase;
			buildActionMask = 2147483647;
			files = (
			);
			inputFileListPaths = (
			);
			inputPaths = (
				"${PODS_PODFILE_DIR_PATH}/Podfile.lock",
				"${PODS_ROOT}/Manifest.lock",
			);
			name = "[CP] Check Pods Manifest.lock";
			outputFileListPaths = (
			);
			outputPaths = (
				"$(DERIVED_FILE_DIR)/Pods-8Ball-checkManifestLockResult.txt",
			);
			runOnlyForDeploymentPostprocessing = 0;
			shellPath = /bin/sh;
			shellScript = "diff \"${PODS_PODFILE_DIR_PATH}/Podfile.lock\" \"${PODS_ROOT}/Manifest.lock\" > /dev/null\nif [ $? != 0 ] ; then\n    # print error to STDERR\n    echo \"error: The sandbox is not in sync with the Podfile.lock. Run 'pod install' or update your CocoaPods installation.\" >&2\n    exit 1\nfi\n# This output is used by Xcode 'outputs' to avoid re-running this script phase.\necho \"SUCCESS\" > \"${SCRIPT_OUTPUT_FILE_0}\"\n";
			showEnvVarsInLog = 0;
		};
		5221D24777AFE8E0D8E17730 /* [CP] Embed Pods Frameworks */ = {
			isa = PBXShellScriptBuildPhase;
			buildActionMask = 2147483647;
			files = (
			);
			inputFileListPaths = (
				"${PODS_ROOT}/Target Support Files/Pods-8Ball/Pods-8Ball-frameworks-${CONFIGURATION}-input-files.xcfilelist",
			);
			name = "[CP] Embed Pods Frameworks";
			outputFileListPaths = (
				"${PODS_ROOT}/Target Support Files/Pods-8Ball/Pods-8Ball-frameworks-${CONFIGURATION}-output-files.xcfilelist",
			);
			runOnlyForDeploymentPostprocessing = 0;
			shellPath = /bin/sh;
			shellScript = "\"${PODS_ROOT}/Target Support Files/Pods-8Ball/Pods-8Ball-frameworks.sh\"\n";
			showEnvVarsInLog = 0;
		};
		EC7FDAB32338A3A400BF1644 /* Swiftlint */ = {
			isa = PBXShellScriptBuildPhase;
			buildActionMask = 2147483647;
			files = (
			);
			inputFileListPaths = (
			);
			inputPaths = (
			);
			name = Swiftlint;
			outputFileListPaths = (
			);
			outputPaths = (
			);
			runOnlyForDeploymentPostprocessing = 0;
			shellPath = /bin/sh;
			shellScript = "${PODS_ROOT}/SwiftLint/swiftlint\n";
		};
		EC7FDAB62338C06F00BF1644 /* SwiftGen */ = {
			isa = PBXShellScriptBuildPhase;
			buildActionMask = 2147483647;
			files = (
			);
			inputFileListPaths = (
			);
			inputPaths = (
				$SRCROOT/8Ball/Resources/Colors.json,
				$SRCROOT/8Ball/Resources/Localizable.strings,
				$SRCROOT/8Ball/Resources/Assets.xcassets,
			);
			name = SwiftGen;
			outputFileListPaths = (
			);
			outputPaths = (
				$SRCROOT/8Ball/Resources/Colors.swift,
				$SRCROOT/8Ball/Resources/L10.swift,
				$SRCROOT/8Ball/Resources/Assets.swift,
				$SRCROOT/8Ball/Resources/Fonts.swift,
			);
			runOnlyForDeploymentPostprocessing = 0;
			shellPath = /bin/sh;
			shellScript = "sh \"$SRCROOT/8Ball/Resources/generateResources.sh\"\n";
		};
/* End PBXShellScriptBuildPhase section */

/* Begin PBXSourcesBuildPhase section */
		EC0658A6230FC776000B931E /* Sources */ = {
			isa = PBXSourcesBuildPhase;
			buildActionMask = 2147483647;
			files = (
				ECFE19C0233B5803002E7816 /* L10n.swift in Sources */,
				EC8CEE5D233F4C8A003FE962 /* SettingScreenViewModel.swift in Sources */,
				ECC038952345BE1C00C4154F /* StoredAnswer.swift in Sources */,
				EC8CEE6723409F5C003FE962 /* SettingScreenModel.swift in Sources */,
				ECC0388B2344A94E00C4154F /* NetworkingManager.swift in Sources */,
				EC8CEE5A233F4BB8003FE962 /* MainScreenViewModel.swift in Sources */,
				EC395911231513CB00606C36 /* AnswerProviderService.swift in Sources */,
				ECA645B5231D0179006C4F07 /* Answer.swift in Sources */,
				EC0658C4230FCB66000B931E /* SettingScreenViewController.swift in Sources */,
				ECC0389723491D8000C4154F /* PresentableAnswer.swift in Sources */,
				ECFE19BF233B5803002E7816 /* Colors.swift in Sources */,
				ECA645B3231C4D51006C4F07 /* NetworkingManagerService.swift in Sources */,
				ECC0388D2344A99000C4154F /* AnswerProvider.swift in Sources */,
				EC0658C2230FCB55000B931E /* MainScreenViewController.swift in Sources */,
				EC8CEE69234227BA003FE962 /* MainScreenModel.swift in Sources */,
				ECFE19C1233B5803002E7816 /* Fonts.swift in Sources */,
				ECFE19C2233B5803002E7816 /* Assets.swift in Sources */,
				EC0658AE230FC777000B931E /* AppDelegate.swift in Sources */,
			);
			runOnlyForDeploymentPostprocessing = 0;
		};
/* End PBXSourcesBuildPhase section */

/* Begin PBXVariantGroup section */
		EC0658B1230FC777000B931E /* Main.storyboard */ = {
			isa = PBXVariantGroup;
			children = (
				EC0658B2230FC777000B931E /* Base */,
			);
			name = Main.storyboard;
			sourceTree = "<group>";
		};
		EC0658B6230FC778000B931E /* LaunchScreen.storyboard */ = {
			isa = PBXVariantGroup;
			children = (
				EC0658B7230FC778000B931E /* Base */,
			);
			name = LaunchScreen.storyboard;
			sourceTree = "<group>";
		};
/* End PBXVariantGroup section */

/* Begin XCBuildConfiguration section */
		EC0658BA230FC778000B931E /* Debug */ = {
			isa = XCBuildConfiguration;
			buildSettings = {
				ALWAYS_SEARCH_USER_PATHS = NO;
				CLANG_ANALYZER_NONNULL = YES;
				CLANG_ANALYZER_NUMBER_OBJECT_CONVERSION = YES_AGGRESSIVE;
				CLANG_CXX_LANGUAGE_STANDARD = "gnu++14";
				CLANG_CXX_LIBRARY = "libc++";
				CLANG_ENABLE_MODULES = YES;
				CLANG_ENABLE_OBJC_ARC = YES;
				CLANG_ENABLE_OBJC_WEAK = YES;
				CLANG_WARN_BLOCK_CAPTURE_AUTORELEASING = YES;
				CLANG_WARN_BOOL_CONVERSION = YES;
				CLANG_WARN_COMMA = YES;
				CLANG_WARN_CONSTANT_CONVERSION = YES;
				CLANG_WARN_DEPRECATED_OBJC_IMPLEMENTATIONS = YES;
				CLANG_WARN_DIRECT_OBJC_ISA_USAGE = YES_ERROR;
				CLANG_WARN_DOCUMENTATION_COMMENTS = YES;
				CLANG_WARN_EMPTY_BODY = YES;
				CLANG_WARN_ENUM_CONVERSION = YES;
				CLANG_WARN_INFINITE_RECURSION = YES;
				CLANG_WARN_INT_CONVERSION = YES;
				CLANG_WARN_NON_LITERAL_NULL_CONVERSION = YES;
				CLANG_WARN_OBJC_IMPLICIT_RETAIN_SELF = YES;
				CLANG_WARN_OBJC_LITERAL_CONVERSION = YES;
				CLANG_WARN_OBJC_ROOT_CLASS = YES_ERROR;
				CLANG_WARN_RANGE_LOOP_ANALYSIS = YES;
				CLANG_WARN_STRICT_PROTOTYPES = YES;
				CLANG_WARN_SUSPICIOUS_MOVE = YES;
				CLANG_WARN_UNGUARDED_AVAILABILITY = YES_AGGRESSIVE;
				CLANG_WARN_UNREACHABLE_CODE = YES;
				CLANG_WARN__DUPLICATE_METHOD_MATCH = YES;
				CODE_SIGN_IDENTITY = "iPhone Developer";
				COPY_PHASE_STRIP = NO;
				DEBUG_INFORMATION_FORMAT = dwarf;
				ENABLE_STRICT_OBJC_MSGSEND = YES;
				ENABLE_TESTABILITY = YES;
				GCC_C_LANGUAGE_STANDARD = gnu11;
				GCC_DYNAMIC_NO_PIC = NO;
				GCC_NO_COMMON_BLOCKS = YES;
				GCC_OPTIMIZATION_LEVEL = 0;
				GCC_PREPROCESSOR_DEFINITIONS = (
					"DEBUG=1",
					"$(inherited)",
				);
				GCC_WARN_64_TO_32_BIT_CONVERSION = YES;
				GCC_WARN_ABOUT_RETURN_TYPE = YES_ERROR;
				GCC_WARN_UNDECLARED_SELECTOR = YES;
				GCC_WARN_UNINITIALIZED_AUTOS = YES_AGGRESSIVE;
				GCC_WARN_UNUSED_FUNCTION = YES;
				GCC_WARN_UNUSED_VARIABLE = YES;
				IPHONEOS_DEPLOYMENT_TARGET = 12.4;
				MTL_ENABLE_DEBUG_INFO = INCLUDE_SOURCE;
				MTL_FAST_MATH = YES;
				ONLY_ACTIVE_ARCH = YES;
				SDKROOT = iphoneos;
				SWIFT_ACTIVE_COMPILATION_CONDITIONS = DEBUG;
				SWIFT_OPTIMIZATION_LEVEL = "-Onone";
			};
			name = Debug;
		};
		EC0658BB230FC778000B931E /* Release */ = {
			isa = XCBuildConfiguration;
			buildSettings = {
				ALWAYS_SEARCH_USER_PATHS = NO;
				CLANG_ANALYZER_NONNULL = YES;
				CLANG_ANALYZER_NUMBER_OBJECT_CONVERSION = YES_AGGRESSIVE;
				CLANG_CXX_LANGUAGE_STANDARD = "gnu++14";
				CLANG_CXX_LIBRARY = "libc++";
				CLANG_ENABLE_MODULES = YES;
				CLANG_ENABLE_OBJC_ARC = YES;
				CLANG_ENABLE_OBJC_WEAK = YES;
				CLANG_WARN_BLOCK_CAPTURE_AUTORELEASING = YES;
				CLANG_WARN_BOOL_CONVERSION = YES;
				CLANG_WARN_COMMA = YES;
				CLANG_WARN_CONSTANT_CONVERSION = YES;
				CLANG_WARN_DEPRECATED_OBJC_IMPLEMENTATIONS = YES;
				CLANG_WARN_DIRECT_OBJC_ISA_USAGE = YES_ERROR;
				CLANG_WARN_DOCUMENTATION_COMMENTS = YES;
				CLANG_WARN_EMPTY_BODY = YES;
				CLANG_WARN_ENUM_CONVERSION = YES;
				CLANG_WARN_INFINITE_RECURSION = YES;
				CLANG_WARN_INT_CONVERSION = YES;
				CLANG_WARN_NON_LITERAL_NULL_CONVERSION = YES;
				CLANG_WARN_OBJC_IMPLICIT_RETAIN_SELF = YES;
				CLANG_WARN_OBJC_LITERAL_CONVERSION = YES;
				CLANG_WARN_OBJC_ROOT_CLASS = YES_ERROR;
				CLANG_WARN_RANGE_LOOP_ANALYSIS = YES;
				CLANG_WARN_STRICT_PROTOTYPES = YES;
				CLANG_WARN_SUSPICIOUS_MOVE = YES;
				CLANG_WARN_UNGUARDED_AVAILABILITY = YES_AGGRESSIVE;
				CLANG_WARN_UNREACHABLE_CODE = YES;
				CLANG_WARN__DUPLICATE_METHOD_MATCH = YES;
				CODE_SIGN_IDENTITY = "iPhone Developer";
				COPY_PHASE_STRIP = NO;
				DEBUG_INFORMATION_FORMAT = "dwarf-with-dsym";
				ENABLE_NS_ASSERTIONS = NO;
				ENABLE_STRICT_OBJC_MSGSEND = YES;
				GCC_C_LANGUAGE_STANDARD = gnu11;
				GCC_NO_COMMON_BLOCKS = YES;
				GCC_WARN_64_TO_32_BIT_CONVERSION = YES;
				GCC_WARN_ABOUT_RETURN_TYPE = YES_ERROR;
				GCC_WARN_UNDECLARED_SELECTOR = YES;
				GCC_WARN_UNINITIALIZED_AUTOS = YES_AGGRESSIVE;
				GCC_WARN_UNUSED_FUNCTION = YES;
				GCC_WARN_UNUSED_VARIABLE = YES;
				IPHONEOS_DEPLOYMENT_TARGET = 12.4;
				MTL_ENABLE_DEBUG_INFO = NO;
				MTL_FAST_MATH = YES;
				SDKROOT = iphoneos;
				SWIFT_COMPILATION_MODE = wholemodule;
				SWIFT_OPTIMIZATION_LEVEL = "-O";
				VALIDATE_PRODUCT = YES;
			};
			name = Release;
		};
		EC0658BD230FC778000B931E /* Debug */ = {
			isa = XCBuildConfiguration;
			baseConfigurationReference = B3E592A2BCEA1C26FA43E695 /* Pods-8Ball.debug.xcconfig */;
			buildSettings = {
				ASSETCATALOG_COMPILER_APPICON_NAME = AppIcon;
				CODE_SIGN_STYLE = Automatic;
				DEVELOPMENT_TEAM = T52V8YC858;
				INFOPLIST_FILE = 8Ball/Info.plist;
				LD_RUNPATH_SEARCH_PATHS = (
					"$(inherited)",
					"@executable_path/Frameworks",
				);
				PRODUCT_BUNDLE_IDENTIFIER = "-.-Ball";
				PRODUCT_NAME = "$(TARGET_NAME)";
				SWIFT_VERSION = 5.0;
				TARGETED_DEVICE_FAMILY = "1,2";
			};
			name = Debug;
		};
		EC0658BE230FC778000B931E /* Release */ = {
			isa = XCBuildConfiguration;
			baseConfigurationReference = A676332758F6DDACB592A6AE /* Pods-8Ball.release.xcconfig */;
			buildSettings = {
				ASSETCATALOG_COMPILER_APPICON_NAME = AppIcon;
				CODE_SIGN_STYLE = Automatic;
				DEVELOPMENT_TEAM = T52V8YC858;
				INFOPLIST_FILE = 8Ball/Info.plist;
				LD_RUNPATH_SEARCH_PATHS = (
					"$(inherited)",
					"@executable_path/Frameworks",
				);
				PRODUCT_BUNDLE_IDENTIFIER = "-.-Ball";
				PRODUCT_NAME = "$(TARGET_NAME)";
				SWIFT_VERSION = 5.0;
				TARGETED_DEVICE_FAMILY = "1,2";
			};
			name = Release;
		};
/* End XCBuildConfiguration section */

/* Begin XCConfigurationList section */
		EC0658A5230FC776000B931E /* Build configuration list for PBXProject "8Ball" */ = {
			isa = XCConfigurationList;
			buildConfigurations = (
				EC0658BA230FC778000B931E /* Debug */,
				EC0658BB230FC778000B931E /* Release */,
			);
			defaultConfigurationIsVisible = 0;
			defaultConfigurationName = Release;
		};
		EC0658BC230FC778000B931E /* Build configuration list for PBXNativeTarget "8Ball" */ = {
			isa = XCConfigurationList;
			buildConfigurations = (
				EC0658BD230FC778000B931E /* Debug */,
				EC0658BE230FC778000B931E /* Release */,
			);
			defaultConfigurationIsVisible = 0;
			defaultConfigurationName = Release;
		};
/* End XCConfigurationList section */
	};
	rootObject = EC0658A2230FC776000B931E /* Project object */;
}
